// !$*UTF8*$!
{
	archiveVersion = 1;
	classes = {
	};
	objectVersion = 46;
	objects = {

/* Begin PBXBuildFile section */
		C9E66AA517AB63B500570E93 /* Foundation.framework in Frameworks */ = {isa = PBXBuildFile; fileRef = C9E66AA417AB63B500570E93 /* Foundation.framework */; };
		C9E66AA717AB63B500570E93 /* CoreGraphics.framework in Frameworks */ = {isa = PBXBuildFile; fileRef = C9E66AA617AB63B500570E93 /* CoreGraphics.framework */; };
		C9E66AA917AB63B500570E93 /* UIKit.framework in Frameworks */ = {isa = PBXBuildFile; fileRef = C9E66AA817AB63B500570E93 /* UIKit.framework */; };
		C9E66AAF17AB63B500570E93 /* InfoPlist.strings in Resources */ = {isa = PBXBuildFile; fileRef = C9E66AAD17AB63B500570E93 /* InfoPlist.strings */; };
		C9E66AB117AB63B500570E93 /* main.m in Sources */ = {isa = PBXBuildFile; fileRef = C9E66AB017AB63B500570E93 /* main.m */; };
		C9E66AB517AB63B500570E93 /* AppDelegate.m in Sources */ = {isa = PBXBuildFile; fileRef = C9E66AB417AB63B500570E93 /* AppDelegate.m */; };
		C9E66AB817AB63B500570E93 /* Main_iPhone.storyboard in Resources */ = {isa = PBXBuildFile; fileRef = C9E66AB617AB63B500570E93 /* Main_iPhone.storyboard */; };
		C9E66ABB17AB63B500570E93 /* Main_iPad.storyboard in Resources */ = {isa = PBXBuildFile; fileRef = C9E66AB917AB63B500570E93 /* Main_iPad.storyboard */; };
		C9E66ABE17AB63B500570E93 /* FirstViewController.m in Sources */ = {isa = PBXBuildFile; fileRef = C9E66ABD17AB63B500570E93 /* FirstViewController.m */; };
		C9E66AC117AB63B500570E93 /* SecondViewController.m in Sources */ = {isa = PBXBuildFile; fileRef = C9E66AC017AB63B500570E93 /* SecondViewController.m */; };
		C9E66AC317AB63B500570E93 /* Images.xcassets in Resources */ = {isa = PBXBuildFile; fileRef = C9E66AC217AB63B500570E93 /* Images.xcassets */; };
		C9E66ACA17AB63B500570E93 /* XCTest.framework in Frameworks */ = {isa = PBXBuildFile; fileRef = C9E66AC917AB63B500570E93 /* XCTest.framework */; };
		C9E66ACB17AB63B500570E93 /* Foundation.framework in Frameworks */ = {isa = PBXBuildFile; fileRef = C9E66AA417AB63B500570E93 /* Foundation.framework */; };
		C9E66ACC17AB63B500570E93 /* UIKit.framework in Frameworks */ = {isa = PBXBuildFile; fileRef = C9E66AA817AB63B500570E93 /* UIKit.framework */; };
		C9E66AD417AB63B500570E93 /* InfoPlist.strings in Resources */ = {isa = PBXBuildFile; fileRef = C9E66AD217AB63B500570E93 /* InfoPlist.strings */; };
		C9E66AD617AB63B500570E93 /* TestTabbedAppTests.m in Sources */ = {isa = PBXBuildFile; fileRef = C9E66AD517AB63B500570E93 /* TestTabbedAppTests.m */; };
/* End PBXBuildFile section */

/* Begin PBXContainerItemProxy section */
		C9E66ACD17AB63B500570E93 /* PBXContainerItemProxy */ = {
			isa = PBXContainerItemProxy;
			containerPortal = C9E66A9917AB63B500570E93 /* Project object */;
			proxyType = 1;
			remoteGlobalIDString = C9E66AA017AB63B500570E93;
			remoteInfo = TestTabbedApp;
		};
/* End PBXContainerItemProxy section */

/* Begin PBXFileReference section */
		C9E66AA117AB63B500570E93 /* TestTabbedApp.app */ = {isa = PBXFileReference; explicitFileType = wrapper.application; includeInIndex = 0; path = TestTabbedApp.app; sourceTree = BUILT_PRODUCTS_DIR; };
		C9E66AA417AB63B500570E93 /* Foundation.framework */ = {isa = PBXFileReference; lastKnownFileType = wrapper.framework; name = Foundation.framework; path = System/Library/Frameworks/Foundation.framework; sourceTree = SDKROOT; };
		C9E66AA617AB63B500570E93 /* CoreGraphics.framework */ = {isa = PBXFileReference; lastKnownFileType = wrapper.framework; name = CoreGraphics.framework; path = System/Library/Frameworks/CoreGraphics.framework; sourceTree = SDKROOT; };
		C9E66AA817AB63B500570E93 /* UIKit.framework */ = {isa = PBXFileReference; lastKnownFileType = wrapper.framework; name = UIKit.framework; path = System/Library/Frameworks/UIKit.framework; sourceTree = SDKROOT; };
		C9E66AAC17AB63B500570E93 /* TestTabbedApp-Info.plist */ = {isa = PBXFileReference; lastKnownFileType = text.plist.xml; path = "TestTabbedApp-Info.plist"; sourceTree = "<group>"; };
		C9E66AAE17AB63B500570E93 /* en */ = {isa = PBXFileReference; lastKnownFileType = text.plist.strings; name = en; path = en.lproj/InfoPlist.strings; sourceTree = "<group>"; };
		C9E66AB017AB63B500570E93 /* main.m */ = {isa = PBXFileReference; lastKnownFileType = sourcecode.c.objc; path = main.m; sourceTree = "<group>"; };
		C9E66AB217AB63B500570E93 /* TestTabbedApp-Prefix.pch */ = {isa = PBXFileReference; lastKnownFileType = sourcecode.c.h; path = "TestTabbedApp-Prefix.pch"; sourceTree = "<group>"; };
		C9E66AB317AB63B500570E93 /* AppDelegate.h */ = {isa = PBXFileReference; lastKnownFileType = sourcecode.c.h; path = AppDelegate.h; sourceTree = "<group>"; };
		C9E66AB417AB63B500570E93 /* AppDelegate.m */ = {isa = PBXFileReference; lastKnownFileType = sourcecode.c.objc; path = AppDelegate.m; sourceTree = "<group>"; };
		C9E66AB717AB63B500570E93 /* Base */ = {isa = PBXFileReference; lastKnownFileType = file.storyboard; name = Base; path = Base.lproj/Main_iPhone.storyboard; sourceTree = "<group>"; };
		C9E66ABA17AB63B500570E93 /* Base */ = {isa = PBXFileReference; lastKnownFileType = file.storyboard; name = Base; path = Base.lproj/Main_iPad.storyboard; sourceTree = "<group>"; };
		C9E66ABC17AB63B500570E93 /* FirstViewController.h */ = {isa = PBXFileReference; lastKnownFileType = sourcecode.c.h; path = FirstViewController.h; sourceTree = "<group>"; };
		C9E66ABD17AB63B500570E93 /* FirstViewController.m */ = {isa = PBXFileReference; lastKnownFileType = sourcecode.c.objc; path = FirstViewController.m; sourceTree = "<group>"; };
		C9E66ABF17AB63B500570E93 /* SecondViewController.h */ = {isa = PBXFileReference; lastKnownFileType = sourcecode.c.h; path = SecondViewController.h; sourceTree = "<group>"; };
		C9E66AC017AB63B500570E93 /* SecondViewController.m */ = {isa = PBXFileReference; lastKnownFileType = sourcecode.c.objc; path = SecondViewController.m; sourceTree = "<group>"; };
		C9E66AC217AB63B500570E93 /* Images.xcassets */ = {isa = PBXFileReference; lastKnownFileType = folder.assetcatalog; path = Images.xcassets; sourceTree = "<group>"; };
		C9E66AC817AB63B500570E93 /* TestTabbedAppTests.xctest */ = {isa = PBXFileReference; explicitFileType = wrapper.cfbundle; includeInIndex = 0; path = TestTabbedAppTests.xctest; sourceTree = BUILT_PRODUCTS_DIR; };
		C9E66AC917AB63B500570E93 /* XCTest.framework */ = {isa = PBXFileReference; lastKnownFileType = wrapper.framework; name = XCTest.framework; path = Library/Frameworks/XCTest.framework; sourceTree = DEVELOPER_DIR; };
		C9E66AD117AB63B500570E93 /* TestTabbedAppTests-Info.plist */ = {isa = PBXFileReference; lastKnownFileType = text.plist.xml; path = "TestTabbedAppTests-Info.plist"; sourceTree = "<group>"; };
		C9E66AD317AB63B500570E93 /* en */ = {isa = PBXFileReference; lastKnownFileType = text.plist.strings; name = en; path = en.lproj/InfoPlist.strings; sourceTree = "<group>"; };
		C9E66AD517AB63B500570E93 /* TestTabbedAppTests.m */ = {isa = PBXFileReference; lastKnownFileType = sourcecode.c.objc; path = TestTabbedAppTests.m; sourceTree = "<group>"; };
/* End PBXFileReference section */

/* Begin PBXFrameworksBuildPhase section */
		C9E66A9E17AB63B500570E93 /* Frameworks */ = {
			isa = PBXFrameworksBuildPhase;
			buildActionMask = 2147483647;
			files = (
				C9E66AA717AB63B500570E93 /* CoreGraphics.framework in Frameworks */,
				C9E66AA917AB63B500570E93 /* UIKit.framework in Frameworks */,
				C9E66AA517AB63B500570E93 /* Foundation.framework in Frameworks */,
			);
			runOnlyForDeploymentPostprocessing = 0;
		};
		C9E66AC517AB63B500570E93 /* Frameworks */ = {
			isa = PBXFrameworksBuildPhase;
			buildActionMask = 2147483647;
			files = (
				C9E66ACA17AB63B500570E93 /* XCTest.framework in Frameworks */,
				C9E66ACC17AB63B500570E93 /* UIKit.framework in Frameworks */,
				C9E66ACB17AB63B500570E93 /* Foundation.framework in Frameworks */,
			);
			runOnlyForDeploymentPostprocessing = 0;
		};
/* End PBXFrameworksBuildPhase section */

/* Begin PBXGroup section */
		C9E66A9817AB63B500570E93 = {
			isa = PBXGroup;
			children = (
				C9E66AAA17AB63B500570E93 /* TestTabbedApp */,
				C9E66ACF17AB63B500570E93 /* TestTabbedAppTests */,
				C9E66AA317AB63B500570E93 /* Frameworks */,
				C9E66AA217AB63B500570E93 /* Products */,
			);
			sourceTree = "<group>";
		};
		C9E66AA217AB63B500570E93 /* Products */ = {
			isa = PBXGroup;
			children = (
				C9E66AA117AB63B500570E93 /* TestTabbedApp.app */,
				C9E66AC817AB63B500570E93 /* TestTabbedAppTests.xctest */,
			);
			name = Products;
			sourceTree = "<group>";
		};
		C9E66AA317AB63B500570E93 /* Frameworks */ = {
			isa = PBXGroup;
			children = (
				C9E66AA417AB63B500570E93 /* Foundation.framework */,
				C9E66AA617AB63B500570E93 /* CoreGraphics.framework */,
				C9E66AA817AB63B500570E93 /* UIKit.framework */,
				C9E66AC917AB63B500570E93 /* XCTest.framework */,
			);
			name = Frameworks;
			sourceTree = "<group>";
		};
		C9E66AAA17AB63B500570E93 /* TestTabbedApp */ = {
			isa = PBXGroup;
			children = (
				C9E66AB317AB63B500570E93 /* AppDelegate.h */,
				C9E66AB417AB63B500570E93 /* AppDelegate.m */,
				C9E66AB617AB63B500570E93 /* Main_iPhone.storyboard */,
				C9E66AB917AB63B500570E93 /* Main_iPad.storyboard */,
				C9E66ABC17AB63B500570E93 /* FirstViewController.h */,
				C9E66ABD17AB63B500570E93 /* FirstViewController.m */,
				C9E66ABF17AB63B500570E93 /* SecondViewController.h */,
				C9E66AC017AB63B500570E93 /* SecondViewController.m */,
				C9E66AC217AB63B500570E93 /* Images.xcassets */,
				C9E66AAB17AB63B500570E93 /* Supporting Files */,
			);
			path = TestTabbedApp;
			sourceTree = "<group>";
		};
		C9E66AAB17AB63B500570E93 /* Supporting Files */ = {
			isa = PBXGroup;
			children = (
				C9E66AAC17AB63B500570E93 /* TestTabbedApp-Info.plist */,
				C9E66AAD17AB63B500570E93 /* InfoPlist.strings */,
				C9E66AB017AB63B500570E93 /* main.m */,
				C9E66AB217AB63B500570E93 /* TestTabbedApp-Prefix.pch */,
			);
			name = "Supporting Files";
			sourceTree = "<group>";
		};
		C9E66ACF17AB63B500570E93 /* TestTabbedAppTests */ = {
			isa = PBXGroup;
			children = (
				C9E66AD517AB63B500570E93 /* TestTabbedAppTests.m */,
				C9E66AD017AB63B500570E93 /* Supporting Files */,
			);
			path = TestTabbedAppTests;
			sourceTree = "<group>";
		};
		C9E66AD017AB63B500570E93 /* Supporting Files */ = {
			isa = PBXGroup;
			children = (
				C9E66AD117AB63B500570E93 /* TestTabbedAppTests-Info.plist */,
				C9E66AD217AB63B500570E93 /* InfoPlist.strings */,
			);
			name = "Supporting Files";
			sourceTree = "<group>";
		};
/* End PBXGroup section */

/* Begin PBXNativeTarget section */
		C9E66AA017AB63B500570E93 /* TestTabbedApp */ = {
			isa = PBXNativeTarget;
			buildConfigurationList = C9E66AD917AB63B500570E93 /* Build configuration list for PBXNativeTarget "TestTabbedApp" */;
			buildPhases = (
				C9E66A9D17AB63B500570E93 /* Sources */,
				C9E66A9E17AB63B500570E93 /* Frameworks */,
				C9E66A9F17AB63B500570E93 /* Resources */,
			);
			buildRules = (
			);
			dependencies = (
			);
			name = TestTabbedApp;
			productName = TestTabbedApp;
			productReference = C9E66AA117AB63B500570E93 /* TestTabbedApp.app */;
			productType = "com.apple.product-type.application";
		};
		C9E66AC717AB63B500570E93 /* TestTabbedAppTests */ = {
			isa = PBXNativeTarget;
			buildConfigurationList = C9E66ADC17AB63B500570E93 /* Build configuration list for PBXNativeTarget "TestTabbedAppTests" */;
			buildPhases = (
				C9E66AC417AB63B500570E93 /* Sources */,
				C9E66AC517AB63B500570E93 /* Frameworks */,
				C9E66AC617AB63B500570E93 /* Resources */,
			);
			buildRules = (
			);
			dependencies = (
				C9E66ACE17AB63B500570E93 /* PBXTargetDependency */,
			);
			name = TestTabbedAppTests;
			productName = TestTabbedAppTests;
			productReference = C9E66AC817AB63B500570E93 /* TestTabbedAppTests.xctest */;
			productType = "com.apple.product-type.bundle.unit-test";
		};
/* End PBXNativeTarget section */

/* Begin PBXProject section */
		C9E66A9917AB63B500570E93 /* Project object */ = {
			isa = PBXProject;
			attributes = {
				LastUpgradeCheck = 0500;
				ORGANIZATIONNAME = ReignDesign;
				TargetAttributes = {
					C9E66AC717AB63B500570E93 = {
						TestTargetID = C9E66AA017AB63B500570E93;
					};
				};
			};
			buildConfigurationList = C9E66A9C17AB63B500570E93 /* Build configuration list for PBXProject "TestTabbedApp" */;
			compatibilityVersion = "Xcode 3.2";
			developmentRegion = English;
			hasScannedForEncodings = 0;
			knownRegions = (
				en,
				Base,
			);
			mainGroup = C9E66A9817AB63B500570E93;
			productRefGroup = C9E66AA217AB63B500570E93 /* Products */;
			projectDirPath = "";
			projectRoot = "";
			targets = (
				C9E66AA017AB63B500570E93 /* TestTabbedApp */,
				C9E66AC717AB63B500570E93 /* TestTabbedAppTests */,
			);
		};
/* End PBXProject section */

/* Begin PBXResourcesBuildPhase section */
		C9E66A9F17AB63B500570E93 /* Resources */ = {
			isa = PBXResourcesBuildPhase;
			buildActionMask = 2147483647;
			files = (
				C9E66ABB17AB63B500570E93 /* Main_iPad.storyboard in Resources */,
				C9E66AC317AB63B500570E93 /* Images.xcassets in Resources */,
				C9E66AB817AB63B500570E93 /* Main_iPhone.storyboard in Resources */,
				C9E66AAF17AB63B500570E93 /* InfoPlist.strings in Resources */,
			);
			runOnlyForDeploymentPostprocessing = 0;
		};
		C9E66AC617AB63B500570E93 /* Resources */ = {
			isa = PBXResourcesBuildPhase;
			buildActionMask = 2147483647;
			files = (
				C9E66AD417AB63B500570E93 /* InfoPlist.strings in Resources */,
			);
			runOnlyForDeploymentPostprocessing = 0;
		};
/* End PBXResourcesBuildPhase section */

/* Begin PBXSourcesBuildPhase section */
		C9E66A9D17AB63B500570E93 /* Sources */ = {
			isa = PBXSourcesBuildPhase;
			buildActionMask = 2147483647;
			files = (
				C9E66AC117AB63B500570E93 /* SecondViewController.m in Sources */,
				C9E66AB517AB63B500570E93 /* AppDelegate.m in Sources */,
				C9E66ABE17AB63B500570E93 /* FirstViewController.m in Sources */,
				C9E66AB117AB63B500570E93 /* main.m in Sources */,
			);
			runOnlyForDeploymentPostprocessing = 0;
		};
		C9E66AC417AB63B500570E93 /* Sources */ = {
			isa = PBXSourcesBuildPhase;
			buildActionMask = 2147483647;
			files = (
				C9E66AD617AB63B500570E93 /* TestTabbedAppTests.m in Sources */,
			);
			runOnlyForDeploymentPostprocessing = 0;
		};
/* End PBXSourcesBuildPhase section */

/* Begin PBXTargetDependency section */
		C9E66ACE17AB63B500570E93 /* PBXTargetDependency */ = {
			isa = PBXTargetDependency;
			target = C9E66AA017AB63B500570E93 /* TestTabbedApp */;
			targetProxy = C9E66ACD17AB63B500570E93 /* PBXContainerItemProxy */;
		};
/* End PBXTargetDependency section */

/* Begin PBXVariantGroup section */
		C9E66AAD17AB63B500570E93 /* InfoPlist.strings */ = {
			isa = PBXVariantGroup;
			children = (
				C9E66AAE17AB63B500570E93 /* en */,
			);
			name = InfoPlist.strings;
			sourceTree = "<group>";
		};
		C9E66AB617AB63B500570E93 /* Main_iPhone.storyboard */ = {
			isa = PBXVariantGroup;
			children = (
				C9E66AB717AB63B500570E93 /* Base */,
			);
			name = Main_iPhone.storyboard;
			sourceTree = "<group>";
		};
		C9E66AB917AB63B500570E93 /* Main_iPad.storyboard */ = {
			isa = PBXVariantGroup;
			children = (
				C9E66ABA17AB63B500570E93 /* Base */,
			);
			name = Main_iPad.storyboard;
			sourceTree = "<group>";
		};
		C9E66AD217AB63B500570E93 /* InfoPlist.strings */ = {
			isa = PBXVariantGroup;
			children = (
				C9E66AD317AB63B500570E93 /* en */,
			);
			name = InfoPlist.strings;
			sourceTree = "<group>";
		};
/* End PBXVariantGroup section */

/* Begin XCBuildConfiguration section */
		C9E66AD717AB63B500570E93 /* Debug */ = {
			isa = XCBuildConfiguration;
			buildSettings = {
				ALWAYS_SEARCH_USER_PATHS = NO;
				CLANG_CXX_LANGUAGE_STANDARD = "gnu++0x";
				CLANG_CXX_LIBRARY = "libc++";
				CLANG_ENABLE_MODULES = YES;
				CLANG_ENABLE_OBJC_ARC = YES;
				CLANG_WARN_BOOL_CONVERSION = YES;
				CLANG_WARN_CONSTANT_CONVERSION = YES;
				CLANG_WARN_DIRECT_OBJC_ISA_USAGE = YES_ERROR;
				CLANG_WARN_EMPTY_BODY = YES;
				CLANG_WARN_ENUM_CONVERSION = YES;
				CLANG_WARN_INT_CONVERSION = YES;
				CLANG_WARN_OBJC_ROOT_CLASS = YES_ERROR;
				CLANG_WARN__DUPLICATE_METHOD_MATCH = YES;
				"CODE_SIGN_IDENTITY[sdk=iphoneos*]" = "iPhone Developer";
				COPY_PHASE_STRIP = NO;
				GCC_C_LANGUAGE_STANDARD = gnu99;
				GCC_DYNAMIC_NO_PIC = NO;
				GCC_OPTIMIZATION_LEVEL = 0;
				GCC_PREPROCESSOR_DEFINITIONS = (
					"DEBUG=1",
					"$(inherited)",
				);
				GCC_SYMBOLS_PRIVATE_EXTERN = NO;
				GCC_WARN_ABOUT_RETURN_TYPE = YES_ERROR;
				GCC_WARN_UNDECLARED_SELECTOR = YES;
				GCC_WARN_UNINITIALIZED_AUTOS = YES;
				GCC_WARN_UNUSED_FUNCTION = YES;
				GCC_WARN_UNUSED_VARIABLE = YES;
				IPHONEOS_DEPLOYMENT_TARGET = 7.0;
				ONLY_ACTIVE_ARCH = YES;
				SDKROOT = iphoneos;
				TARGETED_DEVICE_FAMILY = "1,2";
			};
			name = Debug;
		};
		C9E66AD817AB63B500570E93 /* Release */ = {
			isa = XCBuildConfiguration;
			buildSettings = {
				ALWAYS_SEARCH_USER_PATHS = NO;
				CLANG_CXX_LANGUAGE_STANDARD = "gnu++0x";
				CLANG_CXX_LIBRARY = "libc++";
				CLANG_ENABLE_MODULES = YES;
				CLANG_ENABLE_OBJC_ARC = YES;
				CLANG_WARN_BOOL_CONVERSION = YES;
				CLANG_WARN_CONSTANT_CONVERSION = YES;
				CLANG_WARN_DIRECT_OBJC_ISA_USAGE = YES_ERROR;
				CLANG_WARN_EMPTY_BODY = YES;
				CLANG_WARN_ENUM_CONVERSION = YES;
				CLANG_WARN_INT_CONVERSION = YES;
				CLANG_WARN_OBJC_ROOT_CLASS = YES_ERROR;
				CLANG_WARN__DUPLICATE_METHOD_MATCH = YES;
				"CODE_SIGN_IDENTITY[sdk=iphoneos*]" = "iPhone Developer";
				COPY_PHASE_STRIP = YES;
				ENABLE_NS_ASSERTIONS = NO;
				GCC_C_LANGUAGE_STANDARD = gnu99;
				GCC_WARN_ABOUT_RETURN_TYPE = YES_ERROR;
				GCC_WARN_UNDECLARED_SELECTOR = YES;
				GCC_WARN_UNINITIALIZED_AUTOS = YES;
				GCC_WARN_UNUSED_FUNCTION = YES;
				GCC_WARN_UNUSED_VARIABLE = YES;
				IPHONEOS_DEPLOYMENT_TARGET = 7.0;
				SDKROOT = iphoneos;
				TARGETED_DEVICE_FAMILY = "1,2";
				VALIDATE_PRODUCT = YES;
			};
			name = Release;
		};
		C9E66ADA17AB63B500570E93 /* Debug */ = {
			isa = XCBuildConfiguration;
			buildSettings = {
				ASSETCATALOG_COMPILER_APPICON_NAME = AppIcon;
				ASSETCATALOG_COMPILER_LAUNCHIMAGE_NAME = LaunchImage;
				GCC_PRECOMPILE_PREFIX_HEADER = YES;
				GCC_PREFIX_HEADER = "TestTabbedApp/TestTabbedApp-Prefix.pch";
				INFOPLIST_FILE = "TestTabbedApp/TestTabbedApp-Info.plist";
				PRODUCT_NAME = "$(TARGET_NAME)";
				WRAPPER_EXTENSION = app;
			};
			name = Debug;
		};
		C9E66ADB17AB63B500570E93 /* Release */ = {
			isa = XCBuildConfiguration;
			buildSettings = {
				ASSETCATALOG_COMPILER_APPICON_NAME = AppIcon;
				ASSETCATALOG_COMPILER_LAUNCHIMAGE_NAME = LaunchImage;
				GCC_PRECOMPILE_PREFIX_HEADER = YES;
				GCC_PREFIX_HEADER = "TestTabbedApp/TestTabbedApp-Prefix.pch";
				INFOPLIST_FILE = "TestTabbedApp/TestTabbedApp-Info.plist";
				PRODUCT_NAME = "$(TARGET_NAME)";
				WRAPPER_EXTENSION = app;
			};
			name = Release;
		};
		C9E66ADD17AB63B500570E93 /* Debug */ = {
			isa = XCBuildConfiguration;
			buildSettings = {
				BUNDLE_LOADER = "$(BUILT_PRODUCTS_DIR)/TestTabbedApp.app/TestTabbedApp";
				FRAMEWORK_SEARCH_PATHS = (
					"$(SDKROOT)/Developer/Library/Frameworks",
					"$(inherited)",
					"$(DEVELOPER_FRAMEWORKS_DIR)",
				);
				GCC_PRECOMPILE_PREFIX_HEADER = YES;
				GCC_PREFIX_HEADER = "TestTabbedApp/TestTabbedApp-Prefix.pch";
				GCC_PREPROCESSOR_DEFINITIONS = (
					"DEBUG=1",
					"$(inherited)",
				);
				INFOPLIST_FILE = "TestTabbedAppTests/TestTabbedAppTests-Info.plist";
				PRODUCT_NAME = "$(TARGET_NAME)";
				TEST_HOST = "$(BUNDLE_LOADER)";
				WRAPPER_EXTENSION = xctest;
			};
			name = Debug;
		};
		C9E66ADE17AB63B500570E93 /* Release */ = {
			isa = XCBuildConfiguration;
			buildSettings = {
				BUNDLE_LOADER = "$(BUILT_PRODUCTS_DIR)/TestTabbedApp.app/TestTabbedApp";
				FRAMEWORK_SEARCH_PATHS = (
					"$(SDKROOT)/Developer/Library/Frameworks",
					"$(inherited)",
					"$(DEVELOPER_FRAMEWORKS_DIR)",
				);
				GCC_PRECOMPILE_PREFIX_HEADER = YES;
				GCC_PREFIX_HEADER = "TestTabbedApp/TestTabbedApp-Prefix.pch";
				INFOPLIST_FILE = "TestTabbedAppTests/TestTabbedAppTests-Info.plist";
				PRODUCT_NAME = "$(TARGET_NAME)";
				TEST_HOST = "$(BUNDLE_LOADER)";
				WRAPPER_EXTENSION = xctest;
			};
			name = Release;
		};
/* End XCBuildConfiguration section */

/* Begin XCConfigurationList section */
		C9E66A9C17AB63B500570E93 /* Build configuration list for PBXProject "TestTabbedApp" */ = {
			isa = XCConfigurationList;
			buildConfigurations = (
				C9E66AD717AB63B500570E93 /* Debug */,
				C9E66AD817AB63B500570E93 /* Release */,
			);
			defaultConfigurationIsVisible = 0;
			defaultConfigurationName = Release;
		};
		C9E66AD917AB63B500570E93 /* Build configuration list for PBXNativeTarget "TestTabbedApp" */ = {
			isa = XCConfigurationList;
			buildConfigurations = (
				C9E66ADA17AB63B500570E93 /* Debug */,
				C9E66ADB17AB63B500570E93 /* Release */,
			);
			defaultConfigurationIsVisible = 0;
		};
		C9E66ADC17AB63B500570E93 /* Build configuration list for PBXNativeTarget "TestTabbedAppTests" */ = {
			isa = XCConfigurationList;
			buildConfigurations = (
				C9E66ADD17AB63B500570E93 /* Debug */,
				C9E66ADE17AB63B500570E93 /* Release */,
			);
			defaultConfigurationIsVisible = 0;
		};
/* End XCConfigurationList section */
	};
	rootObject = C9E66A9917AB63B500570E93 /* Project object */;
}
